PODS:
  - Alamofire (4.3.0)
  - Gloss (1.2.1)
  - GoogleAPIClient/Calendar (1.0.5):
    - GoogleAPIClient/Core
    - GTMSessionFetcher (~> 1.1)
  - GoogleAPIClient/Core (1.0.5):
    - GTMSessionFetcher (~> 1.1)
  - GoogleMaps (2.2.0):
    - GoogleMaps/Maps (= 2.2.0)
  - GoogleMaps/Base (2.2.0)
  - GoogleMaps/Maps (2.2.0):
    - GoogleMaps/Base
  - GooglePlaces (2.2.0):
    - GoogleMaps/Base (= 2.2.0)
  - GTMOAuth2 (1.1.4):
    - GTMSessionFetcher (~> 1.1)
  - GTMSessionFetcher (1.1.8):
    - GTMSessionFetcher/Full (= 1.1.8)
  - GTMSessionFetcher/Core (1.1.8)
  - GTMSessionFetcher/Full (1.1.8):
    - GTMSessionFetcher/Core (= 1.1.8)

DEPENDENCIES:
  - Alamofire (~> 4.3)
  - Gloss (~> 1.2)
  - GoogleAPIClient/Calendar (~> 1.0.2)
  - GoogleMaps
  - GooglePlaces
  - GTMOAuth2 (~> 1.1.0)

SPEC CHECKSUMS:
  Alamofire: 856a113053a7bc9cbe5d6367a555d773fc5cfef7
  Gloss: 9ab33b8ede01e4232571d43a6bf9259b85d1de69
  GoogleAPIClient: 4a6b0b807de8b1115a2835180b25dd93dc60f1ea
  GoogleMaps: 104c418d61ab8a05dff06ed0784c25ea9d37da45
  GooglePlaces: bca867d5e9da15384c794b945e4226848bc6e9d9
  GTMOAuth2: 7fc9c10f5c745f4d9850419ea88889fe3baa6b7d
  GTMSessionFetcher: 6f8d8b28b7e345549ac471071608170b31cb4977

PODFILE CHECKSUM: b483b69d3b5f4fd5b6c5af80041907cd920f2763

COCOAPODS: 1.2.0
