// !$*UTF8*$!
{
	archiveVersion = 1;
	classes = {
	};
	objectVersion = 46;
	objects = {

/* Begin PBXBuildFile section */
		087172EB1DF6678D8F1A0881 /* Pods_Clippr.framework in Frameworks */ = {isa = PBXBuildFile; fileRef = 794975ADCB4D95E9F1CE6CFE /* Pods_Clippr.framework */; };
		4414E7041E74A65C00EC98E1 /* stylistSearchModel.swift in Sources */ = {isa = PBXBuildFile; fileRef = 4414E7031E74A65C00EC98E1 /* stylistSearchModel.swift */; };
		448DBAEC1E74A55C00E68D74 /* stylistSearchCell.swift in Sources */ = {isa = PBXBuildFile; fileRef = 448DBAEB1E74A55C00E68D74 /* stylistSearchCell.swift */; };
		448EB2841E5BE6C500CB6183 /* Constants.swift in Sources */ = {isa = PBXBuildFile; fileRef = 448EB2831E5BE6C500CB6183 /* Constants.swift */; };
		44AEAB6E1E57F3C1003304EE /* ClientSettingsViewController.swift in Sources */ = {isa = PBXBuildFile; fileRef = 44AEAB6D1E57F3C1003304EE /* ClientSettingsViewController.swift */; };
		44AEAB701E57F54E003304EE /* AccountSetClientViewController.swift in Sources */ = {isa = PBXBuildFile; fileRef = 44AEAB6F1E57F54E003304EE /* AccountSetClientViewController.swift */; };
		44AEAB721E57F55C003304EE /* PaymentSetClientViewController.swift in Sources */ = {isa = PBXBuildFile; fileRef = 44AEAB711E57F55C003304EE /* PaymentSetClientViewController.swift */; };
		44AEAB741E57F568003304EE /* TermsClientViewController.swift in Sources */ = {isa = PBXBuildFile; fileRef = 44AEAB731E57F568003304EE /* TermsClientViewController.swift */; };
		44AEAB761E57F570003304EE /* ReportClientViewController.swift in Sources */ = {isa = PBXBuildFile; fileRef = 44AEAB751E57F570003304EE /* ReportClientViewController.swift */; };
		44B055D61E47DED1007FB34A /* StylistDashViewController.swift in Sources */ = {isa = PBXBuildFile; fileRef = 44B055D51E47DED1007FB34A /* StylistDashViewController.swift */; };
		44B055D81E47DF1E007FB34A /* ClientDashViewController.swift in Sources */ = {isa = PBXBuildFile; fileRef = 44B055D71E47DF1E007FB34A /* ClientDashViewController.swift */; };
		44BD17CD1E344A3A00CF805A /* AppDelegate.swift in Sources */ = {isa = PBXBuildFile; fileRef = 44BD17CC1E344A3A00CF805A /* AppDelegate.swift */; };
		44BD17CF1E344A3A00CF805A /* ViewController.swift in Sources */ = {isa = PBXBuildFile; fileRef = 44BD17CE1E344A3A00CF805A /* ViewController.swift */; };
		44BD17D21E344A3A00CF805A /* Main.storyboard in Resources */ = {isa = PBXBuildFile; fileRef = 44BD17D01E344A3A00CF805A /* Main.storyboard */; };
		44BD17D41E344A3A00CF805A /* Assets.xcassets in Resources */ = {isa = PBXBuildFile; fileRef = 44BD17D31E344A3A00CF805A /* Assets.xcassets */; };
		44BD17D71E344A3A00CF805A /* LaunchScreen.storyboard in Resources */ = {isa = PBXBuildFile; fileRef = 44BD17D51E344A3A00CF805A /* LaunchScreen.storyboard */; };
		44D9769F1E7E15E400B90012 /* DebugViewController.swift in Sources */ = {isa = PBXBuildFile; fileRef = 44D9769E1E7E15E400B90012 /* DebugViewController.swift */; };
		44D976A11E7E190E00B90012 /* FakeTableViewController.swift in Sources */ = {isa = PBXBuildFile; fileRef = 44D976A01E7E190E00B90012 /* FakeTableViewController.swift */; };
		44D976A31E7E1C0900B90012 /* Fake2ViewController.swift in Sources */ = {isa = PBXBuildFile; fileRef = 44D976A21E7E1C0900B90012 /* Fake2ViewController.swift */; };
		44D976A81E7E1D3A00B90012 /* 4.jpg in Resources */ = {isa = PBXBuildFile; fileRef = 44D976A41E7E1D3A00B90012 /* 4.jpg */; };
		44D976A91E7E1D3A00B90012 /* 3.jpg in Resources */ = {isa = PBXBuildFile; fileRef = 44D976A51E7E1D3A00B90012 /* 3.jpg */; };
		44D976AA1E7E1D3A00B90012 /* 2.jpg in Resources */ = {isa = PBXBuildFile; fileRef = 44D976A61E7E1D3A00B90012 /* 2.jpg */; };
		44D976AB1E7E1D3A00B90012 /* 1.jpg in Resources */ = {isa = PBXBuildFile; fileRef = 44D976A71E7E1D3A00B90012 /* 1.jpg */; };
		44F4D7591E3ED2DE002B3FEC /* signUpViewController.swift in Sources */ = {isa = PBXBuildFile; fileRef = 44F4D7581E3ED2DE002B3FEC /* signUpViewController.swift */; };
		44F4D75B1E3ED81F002B3FEC /* HTTPS_model.swift in Sources */ = {isa = PBXBuildFile; fileRef = 44F4D75A1E3ED81F002B3FEC /* HTTPS_model.swift */; };
		44F641311E74EBCF0087740B /* ClientListOfProsViewController.swift in Sources */ = {isa = PBXBuildFile; fileRef = 44F641301E74EBCF0087740B /* ClientListOfProsViewController.swift */; };
		44F922251E47E9A20048616E /* SettingsViewController.swift in Sources */ = {isa = PBXBuildFile; fileRef = 44F922241E47E9A20048616E /* SettingsViewController.swift */; };
		44F922271E47E9B00048616E /* MapViewController.swift in Sources */ = {isa = PBXBuildFile; fileRef = 44F922261E47E9B00048616E /* MapViewController.swift */; };
		44FA6A5A1E47F60600867AAE /* AppointmentsClientsViewController.swift in Sources */ = {isa = PBXBuildFile; fileRef = 44FA6A591E47F60600867AAE /* AppointmentsClientsViewController.swift */; };
		44FA6A5C1E47F80C00867AAE /* ProfileClientViewController.swift in Sources */ = {isa = PBXBuildFile; fileRef = 44FA6A5B1E47F80C00867AAE /* ProfileClientViewController.swift */; };
		44FA6A5E1E47F82000867AAE /* ReviewsClientViewController.swift in Sources */ = {isa = PBXBuildFile; fileRef = 44FA6A5D1E47F82000867AAE /* ReviewsClientViewController.swift */; };
		44FA6A601E47F9E000867AAE /* ClientsUsingSearchViewController.swift in Sources */ = {isa = PBXBuildFile; fileRef = 44FA6A5F1E47F9E000867AAE /* ClientsUsingSearchViewController.swift */; };
		44FE6B471E77225700FF010A /* ClientViewStylistProfileViewController.swift in Sources */ = {isa = PBXBuildFile; fileRef = 44FE6B461E77225700FF010A /* ClientViewStylistProfileViewController.swift */; };
		4837274D1E57E0DB00DEB045 /* settingsControllerTableViewController.swift in Sources */ = {isa = PBXBuildFile; fileRef = 4837274C1E57E0DB00DEB045 /* settingsControllerTableViewController.swift */; };
		4837274F1E57E98F00DEB045 /* stylistSettings.swift in Sources */ = {isa = PBXBuildFile; fileRef = 4837274E1E57E98F00DEB045 /* stylistSettings.swift */; };
		483727511E57F75300DEB045 /* stylistBalanceViewController.swift in Sources */ = {isa = PBXBuildFile; fileRef = 483727501E57F75300DEB045 /* stylistBalanceViewController.swift */; };
		483727531E57F80400DEB045 /* stylistAccountSettingsViewController.swift in Sources */ = {isa = PBXBuildFile; fileRef = 483727521E57F80400DEB045 /* stylistAccountSettingsViewController.swift */; };
		483727551E57F87700DEB045 /* stylistReportaProblemViewController.swift in Sources */ = {isa = PBXBuildFile; fileRef = 483727541E57F87700DEB045 /* stylistReportaProblemViewController.swift */; };
		483727571E57F8D700DEB045 /* stylistTermsAndPoliciesViewController.swift in Sources */ = {isa = PBXBuildFile; fileRef = 483727561E57F8D700DEB045 /* stylistTermsAndPoliciesViewController.swift */; };
		483727591E57F96300DEB045 /* stylistMenuViewController.swift in Sources */ = {isa = PBXBuildFile; fileRef = 483727581E57F96300DEB045 /* stylistMenuViewController.swift */; };
		483BC5E91E47ED6700679FEF /* settingsStylistViewController.swift in Sources */ = {isa = PBXBuildFile; fileRef = 483BC5E81E47ED6700679FEF /* settingsStylistViewController.swift */; };
		483BC5EB1E47EE1400679FEF /* appointmentsStylistsViewController.swift in Sources */ = {isa = PBXBuildFile; fileRef = 483BC5EA1E47EE1400679FEF /* appointmentsStylistsViewController.swift */; };
		483BC5ED1E47EE4200679FEF /* mapStylistViewController.swift in Sources */ = {isa = PBXBuildFile; fileRef = 483BC5EC1E47EE4200679FEF /* mapStylistViewController.swift */; };
		483BC5EF1E47EE9300679FEF /* portfolioStylistViewController.swift in Sources */ = {isa = PBXBuildFile; fileRef = 483BC5EE1E47EE9300679FEF /* portfolioStylistViewController.swift */; };
		483BC5F11E47EEAA00679FEF /* reviewsStylistViewController.swift in Sources */ = {isa = PBXBuildFile; fileRef = 483BC5F01E47EEAA00679FEF /* reviewsStylistViewController.swift */; };
		489B5D041E35976E006A49AF /* SignInViewController.swift in Sources */ = {isa = PBXBuildFile; fileRef = 489B5D031E35976E006A49AF /* SignInViewController.swift */; };
		48A2484B1E7CDDBD00F7D8DA /* newStylistPortfolio.swift in Sources */ = {isa = PBXBuildFile; fileRef = 48A2484A1E7CDDBD00F7D8DA /* newStylistPortfolio.swift */; };
		48E4579A1E345DE10096D19F /* Images in Resources */ = {isa = PBXBuildFile; fileRef = 48E457991E345DE10096D19F /* Images */; };
		48E4579C1E345E240096D19F /* Clipprlogo.png in Resources */ = {isa = PBXBuildFile; fileRef = 48E4579B1E345E240096D19F /* Clipprlogo.png */; };
/* End PBXBuildFile section */

/* Begin PBXFileReference section */
		4414E7031E74A65C00EC98E1 /* stylistSearchModel.swift */ = {isa = PBXFileReference; fileEncoding = 4; lastKnownFileType = sourcecode.swift; path = stylistSearchModel.swift; sourceTree = "<group>"; };
		448DBAEB1E74A55C00E68D74 /* stylistSearchCell.swift */ = {isa = PBXFileReference; fileEncoding = 4; lastKnownFileType = sourcecode.swift; path = stylistSearchCell.swift; sourceTree = "<group>"; };
		448EB2831E5BE6C500CB6183 /* Constants.swift */ = {isa = PBXFileReference; fileEncoding = 4; lastKnownFileType = sourcecode.swift; path = Constants.swift; sourceTree = "<group>"; };
		44AEAB6D1E57F3C1003304EE /* ClientSettingsViewController.swift */ = {isa = PBXFileReference; fileEncoding = 4; lastKnownFileType = sourcecode.swift; path = ClientSettingsViewController.swift; sourceTree = "<group>"; };
		44AEAB6F1E57F54E003304EE /* AccountSetClientViewController.swift */ = {isa = PBXFileReference; fileEncoding = 4; lastKnownFileType = sourcecode.swift; path = AccountSetClientViewController.swift; sourceTree = "<group>"; };
		44AEAB711E57F55C003304EE /* PaymentSetClientViewController.swift */ = {isa = PBXFileReference; fileEncoding = 4; lastKnownFileType = sourcecode.swift; path = PaymentSetClientViewController.swift; sourceTree = "<group>"; };
		44AEAB731E57F568003304EE /* TermsClientViewController.swift */ = {isa = PBXFileReference; fileEncoding = 4; lastKnownFileType = sourcecode.swift; path = TermsClientViewController.swift; sourceTree = "<group>"; };
		44AEAB751E57F570003304EE /* ReportClientViewController.swift */ = {isa = PBXFileReference; fileEncoding = 4; lastKnownFileType = sourcecode.swift; path = ReportClientViewController.swift; sourceTree = "<group>"; };
		44B055D51E47DED1007FB34A /* StylistDashViewController.swift */ = {isa = PBXFileReference; fileEncoding = 4; lastKnownFileType = sourcecode.swift; path = StylistDashViewController.swift; sourceTree = "<group>"; };
		44B055D71E47DF1E007FB34A /* ClientDashViewController.swift */ = {isa = PBXFileReference; fileEncoding = 4; lastKnownFileType = sourcecode.swift; path = ClientDashViewController.swift; sourceTree = "<group>"; };
		44BD17C91E344A3A00CF805A /* Clippr.app */ = {isa = PBXFileReference; explicitFileType = wrapper.application; includeInIndex = 0; path = Clippr.app; sourceTree = BUILT_PRODUCTS_DIR; };
		44BD17CC1E344A3A00CF805A /* AppDelegate.swift */ = {isa = PBXFileReference; lastKnownFileType = sourcecode.swift; path = AppDelegate.swift; sourceTree = "<group>"; };
		44BD17CE1E344A3A00CF805A /* ViewController.swift */ = {isa = PBXFileReference; lastKnownFileType = sourcecode.swift; path = ViewController.swift; sourceTree = "<group>"; };
		44BD17D11E344A3A00CF805A /* Base */ = {isa = PBXFileReference; lastKnownFileType = file.storyboard; name = Base; path = Base.lproj/Main.storyboard; sourceTree = "<group>"; };
		44BD17D31E344A3A00CF805A /* Assets.xcassets */ = {isa = PBXFileReference; lastKnownFileType = folder.assetcatalog; path = Assets.xcassets; sourceTree = "<group>"; };
		44BD17D61E344A3A00CF805A /* Base */ = {isa = PBXFileReference; lastKnownFileType = file.storyboard; name = Base; path = Base.lproj/LaunchScreen.storyboard; sourceTree = "<group>"; };
		44BD17D81E344A3A00CF805A /* Info.plist */ = {isa = PBXFileReference; lastKnownFileType = text.plist.xml; path = Info.plist; sourceTree = "<group>"; };
		44D9769E1E7E15E400B90012 /* DebugViewController.swift */ = {isa = PBXFileReference; fileEncoding = 4; lastKnownFileType = sourcecode.swift; path = DebugViewController.swift; sourceTree = "<group>"; };
		44D976A01E7E190E00B90012 /* FakeTableViewController.swift */ = {isa = PBXFileReference; fileEncoding = 4; lastKnownFileType = sourcecode.swift; path = FakeTableViewController.swift; sourceTree = "<group>"; };
		44D976A21E7E1C0900B90012 /* Fake2ViewController.swift */ = {isa = PBXFileReference; fileEncoding = 4; lastKnownFileType = sourcecode.swift; path = Fake2ViewController.swift; sourceTree = "<group>"; };
		44D976A41E7E1D3A00B90012 /* 4.jpg */ = {isa = PBXFileReference; lastKnownFileType = image.jpeg; path = 4.jpg; sourceTree = "<group>"; };
		44D976A51E7E1D3A00B90012 /* 3.jpg */ = {isa = PBXFileReference; lastKnownFileType = image.jpeg; path = 3.jpg; sourceTree = "<group>"; };
		44D976A61E7E1D3A00B90012 /* 2.jpg */ = {isa = PBXFileReference; lastKnownFileType = image.jpeg; path = 2.jpg; sourceTree = "<group>"; };
		44D976A71E7E1D3A00B90012 /* 1.jpg */ = {isa = PBXFileReference; lastKnownFileType = image.jpeg; path = 1.jpg; sourceTree = "<group>"; };
		44F4D7581E3ED2DE002B3FEC /* signUpViewController.swift */ = {isa = PBXFileReference; fileEncoding = 4; lastKnownFileType = sourcecode.swift; name = signUpViewController.swift; path = Clippr/signUpViewController.swift; sourceTree = "<group>"; };
		44F4D75A1E3ED81F002B3FEC /* HTTPS_model.swift */ = {isa = PBXFileReference; fileEncoding = 4; lastKnownFileType = sourcecode.swift; name = HTTPS_model.swift; path = Clippr/HTTPS_model.swift; sourceTree = "<group>"; };
		44F641301E74EBCF0087740B /* ClientListOfProsViewController.swift */ = {isa = PBXFileReference; fileEncoding = 4; lastKnownFileType = sourcecode.swift; path = ClientListOfProsViewController.swift; sourceTree = "<group>"; };
		44F922241E47E9A20048616E /* SettingsViewController.swift */ = {isa = PBXFileReference; fileEncoding = 4; lastKnownFileType = sourcecode.swift; path = SettingsViewController.swift; sourceTree = "<group>"; };
		44F922261E47E9B00048616E /* MapViewController.swift */ = {isa = PBXFileReference; fileEncoding = 4; lastKnownFileType = sourcecode.swift; path = MapViewController.swift; sourceTree = "<group>"; };
		44FA6A591E47F60600867AAE /* AppointmentsClientsViewController.swift */ = {isa = PBXFileReference; fileEncoding = 4; lastKnownFileType = sourcecode.swift; path = AppointmentsClientsViewController.swift; sourceTree = "<group>"; };
		44FA6A5B1E47F80C00867AAE /* ProfileClientViewController.swift */ = {isa = PBXFileReference; fileEncoding = 4; lastKnownFileType = sourcecode.swift; path = ProfileClientViewController.swift; sourceTree = "<group>"; };
		44FA6A5D1E47F82000867AAE /* ReviewsClientViewController.swift */ = {isa = PBXFileReference; fileEncoding = 4; lastKnownFileType = sourcecode.swift; path = ReviewsClientViewController.swift; sourceTree = "<group>"; };
		44FA6A5F1E47F9E000867AAE /* ClientsUsingSearchViewController.swift */ = {isa = PBXFileReference; fileEncoding = 4; lastKnownFileType = sourcecode.swift; path = ClientsUsingSearchViewController.swift; sourceTree = "<group>"; };
		44FE6B461E77225700FF010A /* ClientViewStylistProfileViewController.swift */ = {isa = PBXFileReference; fileEncoding = 4; lastKnownFileType = sourcecode.swift; path = ClientViewStylistProfileViewController.swift; sourceTree = "<group>"; };
		4837274C1E57E0DB00DEB045 /* settingsControllerTableViewController.swift */ = {isa = PBXFileReference; fileEncoding = 4; lastKnownFileType = sourcecode.swift; path = settingsControllerTableViewController.swift; sourceTree = "<group>"; };
		4837274E1E57E98F00DEB045 /* stylistSettings.swift */ = {isa = PBXFileReference; fileEncoding = 4; lastKnownFileType = sourcecode.swift; name = stylistSettings.swift; path = ../stylistSettings.swift; sourceTree = "<group>"; };
		483727501E57F75300DEB045 /* stylistBalanceViewController.swift */ = {isa = PBXFileReference; fileEncoding = 4; lastKnownFileType = sourcecode.swift; name = stylistBalanceViewController.swift; path = ../stylistBalanceViewController.swift; sourceTree = "<group>"; };
		483727521E57F80400DEB045 /* stylistAccountSettingsViewController.swift */ = {isa = PBXFileReference; fileEncoding = 4; lastKnownFileType = sourcecode.swift; path = stylistAccountSettingsViewController.swift; sourceTree = "<group>"; };
		483727541E57F87700DEB045 /* stylistReportaProblemViewController.swift */ = {isa = PBXFileReference; fileEncoding = 4; lastKnownFileType = sourcecode.swift; path = stylistReportaProblemViewController.swift; sourceTree = "<group>"; };
		483727561E57F8D700DEB045 /* stylistTermsAndPoliciesViewController.swift */ = {isa = PBXFileReference; fileEncoding = 4; lastKnownFileType = sourcecode.swift; path = stylistTermsAndPoliciesViewController.swift; sourceTree = "<group>"; };
		483727581E57F96300DEB045 /* stylistMenuViewController.swift */ = {isa = PBXFileReference; fileEncoding = 4; lastKnownFileType = sourcecode.swift; path = stylistMenuViewController.swift; sourceTree = "<group>"; };
		483BC5E81E47ED6700679FEF /* settingsStylistViewController.swift */ = {isa = PBXFileReference; fileEncoding = 4; lastKnownFileType = sourcecode.swift; path = settingsStylistViewController.swift; sourceTree = "<group>"; };
		483BC5EA1E47EE1400679FEF /* appointmentsStylistsViewController.swift */ = {isa = PBXFileReference; fileEncoding = 4; lastKnownFileType = sourcecode.swift; path = appointmentsStylistsViewController.swift; sourceTree = "<group>"; };
		483BC5EC1E47EE4200679FEF /* mapStylistViewController.swift */ = {isa = PBXFileReference; fileEncoding = 4; lastKnownFileType = sourcecode.swift; path = mapStylistViewController.swift; sourceTree = "<group>"; };
		483BC5EE1E47EE9300679FEF /* portfolioStylistViewController.swift */ = {isa = PBXFileReference; fileEncoding = 4; lastKnownFileType = sourcecode.swift; path = portfolioStylistViewController.swift; sourceTree = "<group>"; };
		483BC5F01E47EEAA00679FEF /* reviewsStylistViewController.swift */ = {isa = PBXFileReference; fileEncoding = 4; lastKnownFileType = sourcecode.swift; path = reviewsStylistViewController.swift; sourceTree = "<group>"; };
		489B5D031E35976E006A49AF /* SignInViewController.swift */ = {isa = PBXFileReference; fileEncoding = 4; lastKnownFileType = sourcecode.swift; path = SignInViewController.swift; sourceTree = "<group>"; };
		48A2484A1E7CDDBD00F7D8DA /* newStylistPortfolio.swift */ = {isa = PBXFileReference; fileEncoding = 4; lastKnownFileType = sourcecode.swift; path = newStylistPortfolio.swift; sourceTree = "<group>"; };
		48E457991E345DE10096D19F /* Images */ = {isa = PBXFileReference; lastKnownFileType = folder; path = Images; sourceTree = "<group>"; };
		48E4579B1E345E240096D19F /* Clipprlogo.png */ = {isa = PBXFileReference; lastKnownFileType = image.png; name = Clipprlogo.png; path = Images/Clipprlogo.png; sourceTree = "<group>"; };
		794975ADCB4D95E9F1CE6CFE /* Pods_Clippr.framework */ = {isa = PBXFileReference; explicitFileType = wrapper.framework; includeInIndex = 0; path = Pods_Clippr.framework; sourceTree = BUILT_PRODUCTS_DIR; };
		843FB1E71E594DCF005CDDE6 /* Gloss */ = {isa = PBXFileReference; lastKnownFileType = folder; name = Gloss; path = Pods/Gloss; sourceTree = "<group>"; };
		928F790C6D480B3FB34C8E85 /* Pods-Clippr.release.xcconfig */ = {isa = PBXFileReference; includeInIndex = 1; lastKnownFileType = text.xcconfig; name = "Pods-Clippr.release.xcconfig"; path = "Pods/Target Support Files/Pods-Clippr/Pods-Clippr.release.xcconfig"; sourceTree = "<group>"; };
		CBDEFE2E4785592D2CB59632 /* Pods-Clippr.debug.xcconfig */ = {isa = PBXFileReference; includeInIndex = 1; lastKnownFileType = text.xcconfig; name = "Pods-Clippr.debug.xcconfig"; path = "Pods/Target Support Files/Pods-Clippr/Pods-Clippr.debug.xcconfig"; sourceTree = "<group>"; };
/* End PBXFileReference section */

/* Begin PBXFrameworksBuildPhase section */
		44BD17C61E344A3A00CF805A /* Frameworks */ = {
			isa = PBXFrameworksBuildPhase;
			buildActionMask = 2147483647;
			files = (
				087172EB1DF6678D8F1A0881 /* Pods_Clippr.framework in Frameworks */,
			);
			runOnlyForDeploymentPostprocessing = 0;
		};
/* End PBXFrameworksBuildPhase section */

/* Begin PBXGroup section */
		25897815EABA3913A6D2DEE1 /* Frameworks */ = {
			isa = PBXGroup;
			children = (
				843FB1E71E594DCF005CDDE6 /* Gloss */,
				794975ADCB4D95E9F1CE6CFE /* Pods_Clippr.framework */,
			);
			name = Frameworks;
			sourceTree = "<group>";
		};
		297355A5C04F8B7C85811B8B /* Pods */ = {
			isa = PBXGroup;
			children = (
				CBDEFE2E4785592D2CB59632 /* Pods-Clippr.debug.xcconfig */,
				928F790C6D480B3FB34C8E85 /* Pods-Clippr.release.xcconfig */,
			);
			name = Pods;
			sourceTree = "<group>";
		};
		448DBAE71E749F6300E68D74 /* Account_Functions */ = {
			isa = PBXGroup;
			children = (
				44F4D7581E3ED2DE002B3FEC /* signUpViewController.swift */,
				489B5D031E35976E006A49AF /* SignInViewController.swift */,
			);
			name = Account_Functions;
			sourceTree = "<group>";
		};
		448DBAE81E749F8300E68D74 /* Models */ = {
			isa = PBXGroup;
			children = (
				44F4D75A1E3ED81F002B3FEC /* HTTPS_model.swift */,
				448EB2831E5BE6C500CB6183 /* Constants.swift */,
				4414E7031E74A65C00EC98E1 /* stylistSearchModel.swift */,
			);
			name = Models;
			sourceTree = "<group>";
		};
		448DBAE91E749FC700E68D74 /* Stylist */ = {
			isa = PBXGroup;
			children = (
				48A2484A1E7CDDBD00F7D8DA /* newStylistPortfolio.swift */,
				44B055D51E47DED1007FB34A /* StylistDashViewController.swift */,
				4837274E1E57E98F00DEB045 /* stylistSettings.swift */,
				483727581E57F96300DEB045 /* stylistMenuViewController.swift */,
				483727561E57F8D700DEB045 /* stylistTermsAndPoliciesViewController.swift */,
				483727541E57F87700DEB045 /* stylistReportaProblemViewController.swift */,
				483727521E57F80400DEB045 /* stylistAccountSettingsViewController.swift */,
				483BC5F01E47EEAA00679FEF /* reviewsStylistViewController.swift */,
				483BC5EE1E47EE9300679FEF /* portfolioStylistViewController.swift */,
				483BC5EC1E47EE4200679FEF /* mapStylistViewController.swift */,
				483BC5EA1E47EE1400679FEF /* appointmentsStylistsViewController.swift */,
				483BC5E81E47ED6700679FEF /* settingsStylistViewController.swift */,
				483727501E57F75300DEB045 /* stylistBalanceViewController.swift */,
			);
			name = Stylist;
			sourceTree = "<group>";
		};
		448DBAEA1E74A11F00E68D74 /* Client */ = {
			isa = PBXGroup;
			children = (
				44FE6B461E77225700FF010A /* ClientViewStylistProfileViewController.swift */,
				44F641301E74EBCF0087740B /* ClientListOfProsViewController.swift */,
				448DBAEB1E74A55C00E68D74 /* stylistSearchCell.swift */,
				44F922261E47E9B00048616E /* MapViewController.swift */,
				44B055D71E47DF1E007FB34A /* ClientDashViewController.swift */,
				44AEAB6F1E57F54E003304EE /* AccountSetClientViewController.swift */,
				44AEAB711E57F55C003304EE /* PaymentSetClientViewController.swift */,
				44AEAB731E57F568003304EE /* TermsClientViewController.swift */,
				44AEAB751E57F570003304EE /* ReportClientViewController.swift */,
				44AEAB6D1E57F3C1003304EE /* ClientSettingsViewController.swift */,
				44FA6A5F1E47F9E000867AAE /* ClientsUsingSearchViewController.swift */,
				44FA6A5D1E47F82000867AAE /* ReviewsClientViewController.swift */,
				44FA6A5B1E47F80C00867AAE /* ProfileClientViewController.swift */,
				44FA6A591E47F60600867AAE /* AppointmentsClientsViewController.swift */,
			);
			name = Client;
			sourceTree = "<group>";
		};
		44BD17C01E344A3A00CF805A = {
			isa = PBXGroup;
			children = (
				448DBAE81E749F8300E68D74 /* Models */,
				448DBAE71E749F6300E68D74 /* Account_Functions */,
				44BD17CB1E344A3A00CF805A /* Clippr */,
				44BD17CA1E344A3A00CF805A /* Products */,
				25897815EABA3913A6D2DEE1 /* Frameworks */,
				297355A5C04F8B7C85811B8B /* Pods */,
			);
			sourceTree = "<group>";
		};
		44BD17CA1E344A3A00CF805A /* Products */ = {
			isa = PBXGroup;
			children = (
				44BD17C91E344A3A00CF805A /* Clippr.app */,
			);
			name = Products;
			sourceTree = "<group>";
		};
		44BD17CB1E344A3A00CF805A /* Clippr */ = {
			isa = PBXGroup;
			children = (
				44D976A21E7E1C0900B90012 /* Fake2ViewController.swift */,
				44D976A01E7E190E00B90012 /* FakeTableViewController.swift */,
				448DBAEA1E74A11F00E68D74 /* Client */,
				48E4579B1E345E240096D19F /* Clipprlogo.png */,
				48E457991E345DE10096D19F /* Images */,
				44BD17CC1E344A3A00CF805A /* AppDelegate.swift */,
				44D976AC1E7E1D4400B90012 /* Pictures */,
				44BD17CE1E344A3A00CF805A /* ViewController.swift */,
				44BD17D01E344A3A00CF805A /* Main.storyboard */,
				44D9769E1E7E15E400B90012 /* DebugViewController.swift */,
				448DBAE91E749FC700E68D74 /* Stylist */,
				4837274C1E57E0DB00DEB045 /* settingsControllerTableViewController.swift */,
				44F922241E47E9A20048616E /* SettingsViewController.swift */,
				44BD17D31E344A3A00CF805A /* Assets.xcassets */,
				44BD17D51E344A3A00CF805A /* LaunchScreen.storyboard */,
				44BD17D81E344A3A00CF805A /* Info.plist */,
			);
			path = Clippr;
			sourceTree = "<group>";
		};
		44D976AC1E7E1D4400B90012 /* Pictures */ = {
			isa = PBXGroup;
			children = (
				44D976A41E7E1D3A00B90012 /* 4.jpg */,
				44D976A51E7E1D3A00B90012 /* 3.jpg */,
				44D976A61E7E1D3A00B90012 /* 2.jpg */,
				44D976A71E7E1D3A00B90012 /* 1.jpg */,
			);
			name = Pictures;
			sourceTree = "<group>";
		};
/* End PBXGroup section */

/* Begin PBXNativeTarget section */
		44BD17C81E344A3A00CF805A /* Clippr */ = {
			isa = PBXNativeTarget;
			buildConfigurationList = 44BD17DB1E344A3A00CF805A /* Build configuration list for PBXNativeTarget "Clippr" */;
			buildPhases = (
				C978B43BE8465B76B3C1A2F1 /* [CP] Check Pods Manifest.lock */,
				44BD17C51E344A3A00CF805A /* Sources */,
				44BD17C61E344A3A00CF805A /* Frameworks */,
				44BD17C71E344A3A00CF805A /* Resources */,
				B6E9E55A11DB90EA2F6892AC /* [CP] Embed Pods Frameworks */,
				B4ABE687217BFE52D88E28B9 /* [CP] Copy Pods Resources */,
			);
			buildRules = (
			);
			dependencies = (
			);
			name = Clippr;
			productName = Clippr;
			productReference = 44BD17C91E344A3A00CF805A /* Clippr.app */;
			productType = "com.apple.product-type.application";
		};
/* End PBXNativeTarget section */

/* Begin PBXProject section */
		44BD17C11E344A3A00CF805A /* Project object */ = {
			isa = PBXProject;
			attributes = {
				LastSwiftUpdateCheck = 0820;
				LastUpgradeCheck = 0820;
				ORGANIZATIONNAME = emgottfr;
				TargetAttributes = {
					44BD17C81E344A3A00CF805A = {
						CreatedOnToolsVersion = 8.2.1;
						ProvisioningStyle = Automatic;
					};
				};
			};
			buildConfigurationList = 44BD17C41E344A3A00CF805A /* Build configuration list for PBXProject "Clippr" */;
			compatibilityVersion = "Xcode 3.2";
			developmentRegion = English;
			hasScannedForEncodings = 0;
			knownRegions = (
				en,
				Base,
			);
			mainGroup = 44BD17C01E344A3A00CF805A;
			productRefGroup = 44BD17CA1E344A3A00CF805A /* Products */;
			projectDirPath = "";
			projectRoot = "";
			targets = (
				44BD17C81E344A3A00CF805A /* Clippr */,
			);
		};
/* End PBXProject section */

/* Begin PBXResourcesBuildPhase section */
		44BD17C71E344A3A00CF805A /* Resources */ = {
			isa = PBXResourcesBuildPhase;
			buildActionMask = 2147483647;
			files = (
				44D976A81E7E1D3A00B90012 /* 4.jpg in Resources */,
				48E4579A1E345DE10096D19F /* Images in Resources */,
				44BD17D71E344A3A00CF805A /* LaunchScreen.storyboard in Resources */,
				44BD17D41E344A3A00CF805A /* Assets.xcassets in Resources */,
				44BD17D21E344A3A00CF805A /* Main.storyboard in Resources */,
				44D976A91E7E1D3A00B90012 /* 3.jpg in Resources */,
				44D976AB1E7E1D3A00B90012 /* 1.jpg in Resources */,
				44D976AA1E7E1D3A00B90012 /* 2.jpg in Resources */,
				48E4579C1E345E240096D19F /* Clipprlogo.png in Resources */,
			);
			runOnlyForDeploymentPostprocessing = 0;
		};
/* End PBXResourcesBuildPhase section */

/* Begin PBXShellScriptBuildPhase section */
		B4ABE687217BFE52D88E28B9 /* [CP] Copy Pods Resources */ = {
			isa = PBXShellScriptBuildPhase;
			buildActionMask = 2147483647;
			files = (
			);
			inputPaths = (
			);
			name = "[CP] Copy Pods Resources";
			outputPaths = (
			);
			runOnlyForDeploymentPostprocessing = 0;
			shellPath = /bin/sh;
			shellScript = "\"${SRCROOT}/Pods/Target Support Files/Pods-Clippr/Pods-Clippr-resources.sh\"\n";
			showEnvVarsInLog = 0;
		};
		B6E9E55A11DB90EA2F6892AC /* [CP] Embed Pods Frameworks */ = {
			isa = PBXShellScriptBuildPhase;
			buildActionMask = 2147483647;
			files = (
			);
			inputPaths = (
			);
			name = "[CP] Embed Pods Frameworks";
			outputPaths = (
			);
			runOnlyForDeploymentPostprocessing = 0;
			shellPath = /bin/sh;
			shellScript = "\"${SRCROOT}/Pods/Target Support Files/Pods-Clippr/Pods-Clippr-frameworks.sh\"\n";
			showEnvVarsInLog = 0;
		};
		C978B43BE8465B76B3C1A2F1 /* [CP] Check Pods Manifest.lock */ = {
			isa = PBXShellScriptBuildPhase;
			buildActionMask = 2147483647;
			files = (
			);
			inputPaths = (
			);
			name = "[CP] Check Pods Manifest.lock";
			outputPaths = (
			);
			runOnlyForDeploymentPostprocessing = 0;
			shellPath = /bin/sh;
			shellScript = "diff \"${PODS_ROOT}/../Podfile.lock\" \"${PODS_ROOT}/Manifest.lock\" > /dev/null\nif [ $? != 0 ] ; then\n    # print error to STDERR\n    echo \"error: The sandbox is not in sync with the Podfile.lock. Run 'pod install' or update your CocoaPods installation.\" >&2\n    exit 1\nfi\n";
			showEnvVarsInLog = 0;
		};
/* End PBXShellScriptBuildPhase section */

/* Begin PBXSourcesBuildPhase section */
		44BD17C51E344A3A00CF805A /* Sources */ = {
			isa = PBXSourcesBuildPhase;
			buildActionMask = 2147483647;
			files = (
				44F641311E74EBCF0087740B /* ClientListOfProsViewController.swift in Sources */,
				44FA6A5A1E47F60600867AAE /* AppointmentsClientsViewController.swift in Sources */,
				44AEAB761E57F570003304EE /* ReportClientViewController.swift in Sources */,
				4837274F1E57E98F00DEB045 /* stylistSettings.swift in Sources */,
				44FA6A5C1E47F80C00867AAE /* ProfileClientViewController.swift in Sources */,
				448DBAEC1E74A55C00E68D74 /* stylistSearchCell.swift in Sources */,
				4837274D1E57E0DB00DEB045 /* settingsControllerTableViewController.swift in Sources */,
				44D9769F1E7E15E400B90012 /* DebugViewController.swift in Sources */,
				44FA6A601E47F9E000867AAE /* ClientsUsingSearchViewController.swift in Sources */,
				483BC5EF1E47EE9300679FEF /* portfolioStylistViewController.swift in Sources */,
				44BD17CF1E344A3A00CF805A /* ViewController.swift in Sources */,
				483BC5ED1E47EE4200679FEF /* mapStylistViewController.swift in Sources */,
				448EB2841E5BE6C500CB6183 /* Constants.swift in Sources */,
				44F4D75B1E3ED81F002B3FEC /* HTTPS_model.swift in Sources */,
				44FE6B471E77225700FF010A /* ClientViewStylistProfileViewController.swift in Sources */,
				483BC5E91E47ED6700679FEF /* settingsStylistViewController.swift in Sources */,
				44D976A11E7E190E00B90012 /* FakeTableViewController.swift in Sources */,
				44AEAB701E57F54E003304EE /* AccountSetClientViewController.swift in Sources */,
				44BD17CD1E344A3A00CF805A /* AppDelegate.swift in Sources */,
				44AEAB721E57F55C003304EE /* PaymentSetClientViewController.swift in Sources */,
				44F922271E47E9B00048616E /* MapViewController.swift in Sources */,
				44B055D61E47DED1007FB34A /* StylistDashViewController.swift in Sources */,
				48A2484B1E7CDDBD00F7D8DA /* newStylistPortfolio.swift in Sources */,
				483727511E57F75300DEB045 /* stylistBalanceViewController.swift in Sources */,
				4414E7041E74A65C00EC98E1 /* stylistSearchModel.swift in Sources */,
				44B055D81E47DF1E007FB34A /* ClientDashViewController.swift in Sources */,
				44F4D7591E3ED2DE002B3FEC /* signUpViewController.swift in Sources */,
				44AEAB6E1E57F3C1003304EE /* ClientSettingsViewController.swift in Sources */,
				489B5D041E35976E006A49AF /* SignInViewController.swift in Sources */,
				483727531E57F80400DEB045 /* stylistAccountSettingsViewController.swift in Sources */,
				44AEAB741E57F568003304EE /* TermsClientViewController.swift in Sources */,
				483BC5F11E47EEAA00679FEF /* reviewsStylistViewController.swift in Sources */,
				44FA6A5E1E47F82000867AAE /* ReviewsClientViewController.swift in Sources */,
				44D976A31E7E1C0900B90012 /* Fake2ViewController.swift in Sources */,
				483727571E57F8D700DEB045 /* stylistTermsAndPoliciesViewController.swift in Sources */,
				483727551E57F87700DEB045 /* stylistReportaProblemViewController.swift in Sources */,
				44F922251E47E9A20048616E /* SettingsViewController.swift in Sources */,
				483727591E57F96300DEB045 /* stylistMenuViewController.swift in Sources */,
				483BC5EB1E47EE1400679FEF /* appointmentsStylistsViewController.swift in Sources */,
			);
			runOnlyForDeploymentPostprocessing = 0;
		};
/* End PBXSourcesBuildPhase section */

/* Begin PBXVariantGroup section */
		44BD17D01E344A3A00CF805A /* Main.storyboard */ = {
			isa = PBXVariantGroup;
			children = (
				44BD17D11E344A3A00CF805A /* Base */,
			);
			name = Main.storyboard;
			sourceTree = "<group>";
		};
		44BD17D51E344A3A00CF805A /* LaunchScreen.storyboard */ = {
			isa = PBXVariantGroup;
			children = (
				44BD17D61E344A3A00CF805A /* Base */,
			);
			name = LaunchScreen.storyboard;
			sourceTree = "<group>";
		};
/* End PBXVariantGroup section */

/* Begin XCBuildConfiguration section */
		44BD17D91E344A3A00CF805A /* Debug */ = {
			isa = XCBuildConfiguration;
			buildSettings = {
				ALWAYS_SEARCH_USER_PATHS = NO;
				CLANG_ANALYZER_NONNULL = YES;
				CLANG_CXX_LANGUAGE_STANDARD = "gnu++0x";
				CLANG_CXX_LIBRARY = "libc++";
				CLANG_ENABLE_MODULES = YES;
				CLANG_ENABLE_OBJC_ARC = YES;
				CLANG_WARN_BOOL_CONVERSION = YES;
				CLANG_WARN_CONSTANT_CONVERSION = YES;
				CLANG_WARN_DIRECT_OBJC_ISA_USAGE = YES_ERROR;
				CLANG_WARN_DOCUMENTATION_COMMENTS = YES;
				CLANG_WARN_EMPTY_BODY = YES;
				CLANG_WARN_ENUM_CONVERSION = YES;
				CLANG_WARN_INFINITE_RECURSION = YES;
				CLANG_WARN_INT_CONVERSION = YES;
				CLANG_WARN_OBJC_ROOT_CLASS = YES_ERROR;
				CLANG_WARN_SUSPICIOUS_MOVE = YES;
				CLANG_WARN_UNREACHABLE_CODE = YES;
				CLANG_WARN__DUPLICATE_METHOD_MATCH = YES;
				"CODE_SIGN_IDENTITY[sdk=iphoneos*]" = "iPhone Developer";
				COPY_PHASE_STRIP = NO;
				DEBUG_INFORMATION_FORMAT = dwarf;
				ENABLE_STRICT_OBJC_MSGSEND = YES;
				ENABLE_TESTABILITY = YES;
				GCC_C_LANGUAGE_STANDARD = gnu99;
				GCC_DYNAMIC_NO_PIC = NO;
				GCC_NO_COMMON_BLOCKS = YES;
				GCC_OPTIMIZATION_LEVEL = 0;
				GCC_PREPROCESSOR_DEFINITIONS = (
					"DEBUG=1",
					"$(inherited)",
				);
				GCC_WARN_64_TO_32_BIT_CONVERSION = YES;
				GCC_WARN_ABOUT_RETURN_TYPE = YES_ERROR;
				GCC_WARN_UNDECLARED_SELECTOR = YES;
				GCC_WARN_UNINITIALIZED_AUTOS = YES_AGGRESSIVE;
				GCC_WARN_UNUSED_FUNCTION = YES;
				GCC_WARN_UNUSED_VARIABLE = YES;
				IPHONEOS_DEPLOYMENT_TARGET = 10.2;
				MTL_ENABLE_DEBUG_INFO = YES;
				ONLY_ACTIVE_ARCH = YES;
				SDKROOT = iphoneos;
				SWIFT_ACTIVE_COMPILATION_CONDITIONS = DEBUG;
				SWIFT_OPTIMIZATION_LEVEL = "-Onone";
				TARGETED_DEVICE_FAMILY = "1,2";
			};
			name = Debug;
		};
		44BD17DA1E344A3A00CF805A /* Release */ = {
			isa = XCBuildConfiguration;
			buildSettings = {
				ALWAYS_SEARCH_USER_PATHS = NO;
				CLANG_ANALYZER_NONNULL = YES;
				CLANG_CXX_LANGUAGE_STANDARD = "gnu++0x";
				CLANG_CXX_LIBRARY = "libc++";
				CLANG_ENABLE_MODULES = YES;
				CLANG_ENABLE_OBJC_ARC = YES;
				CLANG_WARN_BOOL_CONVERSION = YES;
				CLANG_WARN_CONSTANT_CONVERSION = YES;
				CLANG_WARN_DIRECT_OBJC_ISA_USAGE = YES_ERROR;
				CLANG_WARN_DOCUMENTATION_COMMENTS = YES;
				CLANG_WARN_EMPTY_BODY = YES;
				CLANG_WARN_ENUM_CONVERSION = YES;
				CLANG_WARN_INFINITE_RECURSION = YES;
				CLANG_WARN_INT_CONVERSION = YES;
				CLANG_WARN_OBJC_ROOT_CLASS = YES_ERROR;
				CLANG_WARN_SUSPICIOUS_MOVE = YES;
				CLANG_WARN_UNREACHABLE_CODE = YES;
				CLANG_WARN__DUPLICATE_METHOD_MATCH = YES;
				"CODE_SIGN_IDENTITY[sdk=iphoneos*]" = "iPhone Developer";
				COPY_PHASE_STRIP = NO;
				DEBUG_INFORMATION_FORMAT = "dwarf-with-dsym";
				ENABLE_NS_ASSERTIONS = NO;
				ENABLE_STRICT_OBJC_MSGSEND = YES;
				GCC_C_LANGUAGE_STANDARD = gnu99;
				GCC_NO_COMMON_BLOCKS = YES;
				GCC_WARN_64_TO_32_BIT_CONVERSION = YES;
				GCC_WARN_ABOUT_RETURN_TYPE = YES_ERROR;
				GCC_WARN_UNDECLARED_SELECTOR = YES;
				GCC_WARN_UNINITIALIZED_AUTOS = YES_AGGRESSIVE;
				GCC_WARN_UNUSED_FUNCTION = YES;
				GCC_WARN_UNUSED_VARIABLE = YES;
				IPHONEOS_DEPLOYMENT_TARGET = 10.2;
				MTL_ENABLE_DEBUG_INFO = NO;
				SDKROOT = iphoneos;
				SWIFT_OPTIMIZATION_LEVEL = "-Owholemodule";
				TARGETED_DEVICE_FAMILY = "1,2";
				VALIDATE_PRODUCT = YES;
			};
			name = Release;
		};
		44BD17DC1E344A3A00CF805A /* Debug */ = {
			isa = XCBuildConfiguration;
			baseConfigurationReference = CBDEFE2E4785592D2CB59632 /* Pods-Clippr.debug.xcconfig */;
			buildSettings = {
				ASSETCATALOG_COMPILER_APPICON_NAME = AppIcon;
				INFOPLIST_FILE = Clippr/Info.plist;
				LD_RUNPATH_SEARCH_PATHS = "$(inherited) @executable_path/Frameworks";
				PRODUCT_BUNDLE_IDENTIFIER = Clippr.Clippr;
				PRODUCT_NAME = "$(TARGET_NAME)";
				SWIFT_VERSION = 3.0;
			};
			name = Debug;
		};
		44BD17DD1E344A3A00CF805A /* Release */ = {
			isa = XCBuildConfiguration;
			baseConfigurationReference = 928F790C6D480B3FB34C8E85 /* Pods-Clippr.release.xcconfig */;
			buildSettings = {
				ASSETCATALOG_COMPILER_APPICON_NAME = AppIcon;
				INFOPLIST_FILE = Clippr/Info.plist;
				LD_RUNPATH_SEARCH_PATHS = "$(inherited) @executable_path/Frameworks";
				PRODUCT_BUNDLE_IDENTIFIER = Clippr.Clippr;
				PRODUCT_NAME = "$(TARGET_NAME)";
				SWIFT_VERSION = 3.0;
			};
			name = Release;
		};
/* End XCBuildConfiguration section */

/* Begin XCConfigurationList section */
		44BD17C41E344A3A00CF805A /* Build configuration list for PBXProject "Clippr" */ = {
			isa = XCConfigurationList;
			buildConfigurations = (
				44BD17D91E344A3A00CF805A /* Debug */,
				44BD17DA1E344A3A00CF805A /* Release */,
			);
			defaultConfigurationIsVisible = 0;
			defaultConfigurationName = Release;
		};
		44BD17DB1E344A3A00CF805A /* Build configuration list for PBXNativeTarget "Clippr" */ = {
			isa = XCConfigurationList;
			buildConfigurations = (
				44BD17DC1E344A3A00CF805A /* Debug */,
				44BD17DD1E344A3A00CF805A /* Release */,
			);
			defaultConfigurationIsVisible = 0;
			defaultConfigurationName = Release;
		};
/* End XCConfigurationList section */
	};
	rootObject = 44BD17C11E344A3A00CF805A /* Project object */;
}
